
Microsoft Visual Studio Solution File, Format Version 12.00
# Visual Studio 15
Project("{8BC9CEB8-8B4A-11D0-8D11-00A0C91BC942}") = "Render", "Render\Render.vcxproj", "{C5BB87CE-B15D-B2A4-9A18-C6F8865939F5}"
	ProjectSection(ProjectDependencies) = postProject
		{DC17F783-C8E4-518F-F1FD-3F37DD29871D} = {DC17F783-C8E4-518F-F1FD-3F37DD29871D}
	EndProjectSection
EndProject
Project("{8BC9CEB8-8B4A-11D0-8D11-00A0C91BC942}") = "Reignite", "Reignite\Reignite.vcxproj", "{DC17F783-C8E4-518F-F1FD-3F37DD29871D}"
EndProject
Global
	GlobalSection(SolutionConfigurationPlatforms) = preSolution
		Debug|x64 = Debug|x64
		Release|x64 = Release|x64
	EndGlobalSection
	GlobalSection(ProjectConfigurationPlatforms) = postSolution
		{C5BB87CE-B15D-B2A4-9A18-C6F8865939F5}.Debug|x64.ActiveCfg = Debug|x64
		{C5BB87CE-B15D-B2A4-9A18-C6F8865939F5}.Debug|x64.Build.0 = Debug|x64
		{C5BB87CE-B15D-B2A4-9A18-C6F8865939F5}.Release|x64.ActiveCfg = Release|x64
		{C5BB87CE-B15D-B2A4-9A18-C6F8865939F5}.Release|x64.Build.0 = Release|x64
		{DC17F783-C8E4-518F-F1FD-3F37DD29871D}.Debug|x64.ActiveCfg = Debug|x64
		{DC17F783-C8E4-518F-F1FD-3F37DD29871D}.Debug|x64.Build.0 = Debug|x64
		{DC17F783-C8E4-518F-F1FD-3F37DD29871D}.Release|x64.ActiveCfg = Release|x64
		{DC17F783-C8E4-518F-F1FD-3F37DD29871D}.Release|x64.Build.0 = Release|x64
	EndGlobalSection
	GlobalSection(SolutionProperties) = preSolution
		HideSolutionNode = FALSE
	EndGlobalSection
	GlobalSection(NestedProjects) = preSolution
	EndGlobalSection
EndGlobal
